# yarn lockfile v1

expo@51.0.28:
  version "51.0.28"
  resolved "https://registry.yarnpkg.com/expo/-/expo-51.0.28.tgz"

expo-status-bar@1.12.1:
  version "1.12.1"
  resolved "https://registry.yarnpkg.com/expo-status-bar/-/expo-status-bar-1.12.1.tgz"

react@18.2.0:
  version "18.2.0"
  resolved "https://registry.yarnpkg.com/react/-/react-18.2.0.tgz"

react-native@0.74.5:
  version "0.74.5"
  resolved "https://registry.yarnpkg.com/react-native/-/react-native-0.74.5.tgz"

expo-media-library@16.0.5:
  version "16.0.5"
  resolved "https://registry.yarnpkg.com/expo-media-library/-/expo-media-library-16.0.5.tgz"

expo-contacts@13.0.9:
  version "13.0.9"
  resolved "https://registry.yarnpkg.com/expo-contacts/-/expo-contacts-13.0.9.tgz"

expo-notifications@0.28.19:
  version "0.28.19"
  resolved "https://registry.yarnpkg.com/expo-notifications/-/expo-notifications-0.28.19.tgz"

expo-file-system@17.0.1:
  version "17.0.1"
  resolved "https://registry.yarnpkg.com/expo-file-system/-/expo-file-system-17.0.1.tgz"

expo-intent-launcher@11.0.1:
  version "11.0.1"
  resolved "https://registry.yarnpkg.com/expo-intent-launcher/-/expo-intent-launcher-11.0.1.tgz"

expo-crypto@13.0.5:
  version "13.0.5"
  resolved "https://registry.yarnpkg.com/expo-crypto/-/expo-crypto-13.0.5.tgz"

expo-secure-store@13.0.5:
  version "13.0.5"
  resolved "https://registry.yarnpkg.com/expo-secure-store/-/expo-secure-store-13.0.5.tgz"

expo-local-authentication@14.0.1:
  version "14.0.1"
  resolved "https://registry.yarnpkg.com/expo-local-authentication/-/expo-local-authentication-14.0.1.tgz"
